
Microsoft Visual Studio Solution File, Format Version 12.00
Project("{FAE04EC0-301F-11D3-BF4B-00C04F79EFBC}") = "palc", "palc\palc.csproj", "{D35971B3-EAB9-4990-A8ED-F416567EFCEB}"
EndProject
Global
	GlobalSection(SolutionConfigurationPlatforms) = preSolution
		Debug|Any CPU = Debug|Any CPU
		Release|Any CPU = Release|Any CPU
	EndGlobalSection
	GlobalSection(ProjectConfigurationPlatforms) = postSolution
		{D35971B3-EAB9-4990-A8ED-F416567EFCEB}.Debug|Any CPU.ActiveCfg = Debug|Any CPU
		{D35971B3-EAB9-4990-A8ED-F416567EFCEB}.Debug|Any CPU.Build.0 = Debug|Any CPU
		{D35971B3-EAB9-4990-A8ED-F416567EFCEB}.Release|Any CPU.ActiveCfg = Release|Any CPU
		{D35971B3-EAB9-4990-A8ED-F416567EFCEB}.Release|Any CPU.Build.0 = Release|Any CPU
	EndGlobalSection
EndGlobal
